// !$*UTF8*$!
{
	archiveVersion = 1;
	classes = {
	};
	objectVersion = 56;
	objects = {

/* Begin PBXBuildFile section */
		3C21839C2C55C71800B15B30 /* CustomMapView.swift in Sources */ = {isa = PBXBuildFile; fileRef = 3C21839B2C55C71800B15B30 /* CustomMapView.swift */; };
		3C21839E2C55CAF000B15B30 /* AlertHelperView.swift in Sources */ = {isa = PBXBuildFile; fileRef = 3C21839D2C55CAF000B15B30 /* AlertHelperView.swift */; };
		3C2C9BBA2C582EED00EAD5CA /* MarkerData.swift in Sources */ = {isa = PBXBuildFile; fileRef = 3C2C9BB92C582EED00EAD5CA /* MarkerData.swift */; };
		3C2C9BBC2C58308500EAD5CA /* MarkerStore.swift in Sources */ = {isa = PBXBuildFile; fileRef = 3C2C9BBB2C58308500EAD5CA /* MarkerStore.swift */; };
		3C326B5F2C58F88700F377A8 /* dataMarkView.swift in Sources */ = {isa = PBXBuildFile; fileRef = 3C326B5E2C58F88700F377A8 /* dataMarkView.swift */; };
		3C5BE5AF2C69197200C7031A /* findlocation.swift in Sources */ = {isa = PBXBuildFile; fileRef = 3C5BE5AE2C69197200C7031A /* findlocation.swift */; };
		3C78D1292C623EA9001006A0 /* Post_Mark_requast.swift in Sources */ = {isa = PBXBuildFile; fileRef = 3C78D1282C623EA9001006A0 /* Post_Mark_requast.swift */; };
		3C896A322C52878700C15A28 /* Assets.xcassets in Resources */ = {isa = PBXBuildFile; fileRef = 3C896A312C52878700C15A28 /* Assets.xcassets */; };
		3C896A352C52878700C15A28 /* Preview Assets.xcassets in Resources */ = {isa = PBXBuildFile; fileRef = 3C896A342C52878700C15A28 /* Preview Assets.xcassets */; };
		3C896A3C2C52882E00C15A28 /* GoogleService-Info.plist in Resources */ = {isa = PBXBuildFile; fileRef = 3C896A3B2C52882E00C15A28 /* GoogleService-Info.plist */; };
		3C896A3F2C52885900C15A28 /* FirebaseAuth in Frameworks */ = {isa = PBXBuildFile; productRef = 3C896A3E2C52885900C15A28 /* FirebaseAuth */; };
		3C896A422C52887200C15A28 /* GoogleSignIn in Frameworks */ = {isa = PBXBuildFile; productRef = 3C896A412C52887200C15A28 /* GoogleSignIn */; };
		3C896A442C52887200C15A28 /* GoogleSignInSwift in Frameworks */ = {isa = PBXBuildFile; productRef = 3C896A432C52887200C15A28 /* GoogleSignInSwift */; };
		3C896A472C52889C00C15A28 /* SDWebImageSwiftUI in Frameworks */ = {isa = PBXBuildFile; productRef = 3C896A462C52889C00C15A28 /* SDWebImageSwiftUI */; };
		3C896A572C52950300C15A28 /* +View.swift in Sources */ = {isa = PBXBuildFile; fileRef = 3C896A562C52950300C15A28 /* +View.swift */; };
		3C896A5F2C52950A00C15A28 /* GoogleSiginBtn.swift in Sources */ = {isa = PBXBuildFile; fileRef = 3C896A5E2C52950A00C15A28 /* GoogleSiginBtn.swift */; };
		3C896A612C52950C00C15A28 /* LoginHeader.swift in Sources */ = {isa = PBXBuildFile; fileRef = 3C896A602C52950C00C15A28 /* LoginHeader.swift */; };
		3C896A632C52950E00C15A28 /* FierAuth.swift in Sources */ = {isa = PBXBuildFile; fileRef = 3C896A622C52950E00C15A28 /* FierAuth.swift */; };
		3C896A6B2C5299C400C15A28 /* Home.swift in Sources */ = {isa = PBXBuildFile; fileRef = 3C896A6A2C5299C400C15A28 /* Home.swift */; };
		3C896A6F2C5299CC00C15A28 /* LoginScreen.swift in Sources */ = {isa = PBXBuildFile; fileRef = 3C896A6E2C5299CC00C15A28 /* LoginScreen.swift */; };
		3C896A712C529D2000C15A28 /* appDellegate.swift in Sources */ = {isa = PBXBuildFile; fileRef = 3C896A702C529D2000C15A28 /* appDellegate.swift */; };
		3C896A732C529EE700C15A28 /* MeetMap_iosApp.swift in Sources */ = {isa = PBXBuildFile; fileRef = 3C896A722C529EE700C15A28 /* MeetMap_iosApp.swift */; };
		3C896A752C52C6CC00C15A28 /* CustomTextfield.swift in Sources */ = {isa = PBXBuildFile; fileRef = 3C896A742C52C6CC00C15A28 /* CustomTextfield.swift */; };
		3C896A772C52C6E000C15A28 /* CustomButton.swift in Sources */ = {isa = PBXBuildFile; fileRef = 3C896A762C52C6E000C15A28 /* CustomButton.swift */; };
		3C896A7C2C52CA3A00C15A28 /* Map.swift in Sources */ = {isa = PBXBuildFile; fileRef = 3C896A7B2C52CA3A00C15A28 /* Map.swift */; };
		3C8BBC672C5E393500AE1097 /* GETkey.swift in Sources */ = {isa = PBXBuildFile; fileRef = 3C8BBC662C5E393500AE1097 /* GETkey.swift */; };
		3C8BBC692C5E510500AE1097 /* MarkerDATA.swift in Sources */ = {isa = PBXBuildFile; fileRef = 3C8BBC682C5E510500AE1097 /* MarkerDATA.swift */; };
		3C9962002C73F6DE002F87CC /* Get_Friends_just.swift in Sources */ = {isa = PBXBuildFile; fileRef = 3C9961FF2C73F6DE002F87CC /* Get_Friends_just.swift */; };
		3C9962022C73FDE9002F87CC /* ShakeAlertView.swift in Sources */ = {isa = PBXBuildFile; fileRef = 3C9962012C73FDE9002F87CC /* ShakeAlertView.swift */; };
		3CBA70422C6E297F00B739E8 /* BottomSheetView.swift in Sources */ = {isa = PBXBuildFile; fileRef = 3CBA70412C6E297F00B739E8 /* BottomSheetView.swift */; };
		3CD13FD42C545B9600B1E6B6 /* ContentViewModel .swift in Sources */ = {isa = PBXBuildFile; fileRef = 3CD13FD32C545B9600B1E6B6 /* ContentViewModel .swift */; };
		3CE35E6E2C6D250E00958B8C /* Get_participant_marker.swift in Sources */ = {isa = PBXBuildFile; fileRef = 3CE35E6D2C6D250E00958B8C /* Get_participant_marker.swift */; };
		3CE35E702C6D256300958B8C /* Post_participant_marker.swift in Sources */ = {isa = PBXBuildFile; fileRef = 3CE35E6F2C6D256300958B8C /* Post_participant_marker.swift */; };
/* End PBXBuildFile section */

/* Begin PBXFileReference section */
		3C21839B2C55C71800B15B30 /* CustomMapView.swift */ = {isa = PBXFileReference; lastKnownFileType = sourcecode.swift; path = CustomMapView.swift; sourceTree = "<group>"; };
		3C21839D2C55CAF000B15B30 /* AlertHelperView.swift */ = {isa = PBXFileReference; lastKnownFileType = sourcecode.swift; path = AlertHelperView.swift; sourceTree = "<group>"; };
		3C2C9BB92C582EED00EAD5CA /* MarkerData.swift */ = {isa = PBXFileReference; lastKnownFileType = sourcecode.swift; path = MarkerData.swift; sourceTree = "<group>"; };
		3C2C9BBB2C58308500EAD5CA /* MarkerStore.swift */ = {isa = PBXFileReference; lastKnownFileType = sourcecode.swift; path = MarkerStore.swift; sourceTree = "<group>"; };
		3C326B5E2C58F88700F377A8 /* dataMarkView.swift */ = {isa = PBXFileReference; lastKnownFileType = sourcecode.swift; path = dataMarkView.swift; sourceTree = "<group>"; };
		3C5BE5AE2C69197200C7031A /* findlocation.swift */ = {isa = PBXFileReference; lastKnownFileType = sourcecode.swift; path = findlocation.swift; sourceTree = "<group>"; };
		3C78D1282C623EA9001006A0 /* Post_Mark_requast.swift */ = {isa = PBXFileReference; lastKnownFileType = sourcecode.swift; path = Post_Mark_requast.swift; sourceTree = "<group>"; };
		3C896A2A2C52878700C15A28 /* MeetMap_ios.app */ = {isa = PBXFileReference; explicitFileType = wrapper.application; includeInIndex = 0; path = MeetMap_ios.app; sourceTree = BUILT_PRODUCTS_DIR; };
		3C896A312C52878700C15A28 /* Assets.xcassets */ = {isa = PBXFileReference; lastKnownFileType = folder.assetcatalog; path = Assets.xcassets; sourceTree = "<group>"; };
		3C896A342C52878700C15A28 /* Preview Assets.xcassets */ = {isa = PBXFileReference; lastKnownFileType = folder.assetcatalog; path = "Preview Assets.xcassets"; sourceTree = "<group>"; };
		3C896A3B2C52882E00C15A28 /* GoogleService-Info.plist */ = {isa = PBXFileReference; fileEncoding = 4; lastKnownFileType = text.plist.xml; path = "GoogleService-Info.plist"; sourceTree = "<group>"; };
		3C896A4A2C528F6D00C15A28 /* MeetMap-ios-Info.plist */ = {isa = PBXFileReference; lastKnownFileType = text.plist.xml; name = "MeetMap-ios-Info.plist"; path = "MeetMap_ios/MeetMap-ios-Info.plist"; sourceTree = SOURCE_ROOT; };
		3C896A562C52950300C15A28 /* +View.swift */ = {isa = PBXFileReference; lastKnownFileType = sourcecode.swift; path = "+View.swift"; sourceTree = "<group>"; };
		3C896A5E2C52950A00C15A28 /* GoogleSiginBtn.swift */ = {isa = PBXFileReference; lastKnownFileType = sourcecode.swift; path = GoogleSiginBtn.swift; sourceTree = "<group>"; };
		3C896A602C52950C00C15A28 /* LoginHeader.swift */ = {isa = PBXFileReference; lastKnownFileType = sourcecode.swift; path = LoginHeader.swift; sourceTree = "<group>"; };
		3C896A622C52950E00C15A28 /* FierAuth.swift */ = {isa = PBXFileReference; lastKnownFileType = sourcecode.swift; path = FierAuth.swift; sourceTree = "<group>"; };
		3C896A6A2C5299C400C15A28 /* Home.swift */ = {isa = PBXFileReference; lastKnownFileType = sourcecode.swift; path = Home.swift; sourceTree = "<group>"; };
		3C896A6E2C5299CC00C15A28 /* LoginScreen.swift */ = {isa = PBXFileReference; lastKnownFileType = sourcecode.swift; path = LoginScreen.swift; sourceTree = "<group>"; };
		3C896A702C529D2000C15A28 /* appDellegate.swift */ = {isa = PBXFileReference; lastKnownFileType = sourcecode.swift; path = appDellegate.swift; sourceTree = "<group>"; };
		3C896A722C529EE700C15A28 /* MeetMap_iosApp.swift */ = {isa = PBXFileReference; lastKnownFileType = sourcecode.swift; path = MeetMap_iosApp.swift; sourceTree = "<group>"; };
		3C896A742C52C6CC00C15A28 /* CustomTextfield.swift */ = {isa = PBXFileReference; lastKnownFileType = sourcecode.swift; path = CustomTextfield.swift; sourceTree = "<group>"; };
		3C896A762C52C6E000C15A28 /* CustomButton.swift */ = {isa = PBXFileReference; lastKnownFileType = sourcecode.swift; path = CustomButton.swift; sourceTree = "<group>"; };
		3C896A7B2C52CA3A00C15A28 /* Map.swift */ = {isa = PBXFileReference; lastKnownFileType = sourcecode.swift; path = Map.swift; sourceTree = "<group>"; };
		3C8BBC662C5E393500AE1097 /* GETkey.swift */ = {isa = PBXFileReference; lastKnownFileType = sourcecode.swift; path = GETkey.swift; sourceTree = "<group>"; };
		3C8BBC682C5E510500AE1097 /* MarkerDATA.swift */ = {isa = PBXFileReference; lastKnownFileType = sourcecode.swift; path = MarkerDATA.swift; sourceTree = "<group>"; };
		3C9961FF2C73F6DE002F87CC /* Get_Friends_just.swift */ = {isa = PBXFileReference; lastKnownFileType = sourcecode.swift; path = Get_Friends_just.swift; sourceTree = "<group>"; };
		3C9962012C73FDE9002F87CC /* ShakeAlertView.swift */ = {isa = PBXFileReference; lastKnownFileType = sourcecode.swift; path = ShakeAlertView.swift; sourceTree = "<group>"; };
		3CBA70412C6E297F00B739E8 /* BottomSheetView.swift */ = {isa = PBXFileReference; lastKnownFileType = sourcecode.swift; path = BottomSheetView.swift; sourceTree = "<group>"; };
		3CD13FD32C545B9600B1E6B6 /* ContentViewModel .swift */ = {isa = PBXFileReference; lastKnownFileType = sourcecode.swift; path = "ContentViewModel .swift"; sourceTree = "<group>"; };
		3CE35E6D2C6D250E00958B8C /* Get_participant_marker.swift */ = {isa = PBXFileReference; lastKnownFileType = sourcecode.swift; path = Get_participant_marker.swift; sourceTree = "<group>"; };
		3CE35E6F2C6D256300958B8C /* Post_participant_marker.swift */ = {isa = PBXFileReference; lastKnownFileType = sourcecode.swift; path = Post_participant_marker.swift; sourceTree = "<group>"; };
/* End PBXFileReference section */

/* Begin PBXFrameworksBuildPhase section */
		3C896A272C52878700C15A28 /* Frameworks */ = {
			isa = PBXFrameworksBuildPhase;
			buildActionMask = 2147483647;
			files = (
				3C896A472C52889C00C15A28 /* SDWebImageSwiftUI in Frameworks */,
				3C896A442C52887200C15A28 /* GoogleSignInSwift in Frameworks */,
				3C896A3F2C52885900C15A28 /* FirebaseAuth in Frameworks */,
				3C896A422C52887200C15A28 /* GoogleSignIn in Frameworks */,
			);
			runOnlyForDeploymentPostprocessing = 0;
		};
/* End PBXFrameworksBuildPhase section */

/* Begin PBXGroup section */
		3C2C9BB82C582ED300EAD5CA /* auxiliary */ = {
			isa = PBXGroup;
			children = (
				3C2C9BB92C582EED00EAD5CA /* MarkerData.swift */,
				3C2C9BBB2C58308500EAD5CA /* MarkerStore.swift */,
			);
			path = auxiliary;
			sourceTree = "<group>";
		};
		3C896A212C52878700C15A28 = {
			isa = PBXGroup;
			children = (
				3C896A2C2C52878700C15A28 /* MeetMap_ios */,
				3C896A2B2C52878700C15A28 /* Products */,
			);
			sourceTree = "<group>";
		};
		3C896A2B2C52878700C15A28 /* Products */ = {
			isa = PBXGroup;
			children = (
				3C896A2A2C52878700C15A28 /* MeetMap_ios.app */,
			);
			name = Products;
			sourceTree = "<group>";
		};
		3C896A2C2C52878700C15A28 /* MeetMap_ios */ = {
			isa = PBXGroup;
			children = (
				3C896A7A2C52CA2800C15A28 /* Map */,
				3C896A3B2C52882E00C15A28 /* GoogleService-Info.plist */,
				3C896A4A2C528F6D00C15A28 /* MeetMap-ios-Info.plist */,
				3C896A4B2C52902800C15A28 /* Googlesingin */,
				3C896A312C52878700C15A28 /* Assets.xcassets */,
				3C896A722C529EE700C15A28 /* MeetMap_iosApp.swift */,
				3C896A332C52878700C15A28 /* Preview Content */,
			);
			path = MeetMap_ios;
			sourceTree = "<group>";
		};
		3C896A332C52878700C15A28 /* Preview Content */ = {
			isa = PBXGroup;
			children = (
				3C896A342C52878700C15A28 /* Preview Assets.xcassets */,
			);
			path = "Preview Content";
			sourceTree = "<group>";
		};
		3C896A4B2C52902800C15A28 /* Googlesingin */ = {
			isa = PBXGroup;
			children = (
				3C896A562C52950300C15A28 /* +View.swift */,
				3C896A602C52950C00C15A28 /* LoginHeader.swift */,
				3C896A622C52950E00C15A28 /* FierAuth.swift */,
				3C896A702C529D2000C15A28 /* appDellegate.swift */,
				3C896A6A2C5299C400C15A28 /* Home.swift */,
				3C896A6E2C5299CC00C15A28 /* LoginScreen.swift */,
				3C896A5E2C52950A00C15A28 /* GoogleSiginBtn.swift */,
				3C896A762C52C6E000C15A28 /* CustomButton.swift */,
				3C896A742C52C6CC00C15A28 /* CustomTextfield.swift */,
			);
			path = Googlesingin;
			sourceTree = "<group>";
		};
		3C896A7A2C52CA2800C15A28 /* Map */ = {
			isa = PBXGroup;
			children = (
				3C896A7B2C52CA3A00C15A28 /* Map.swift */,
				3C21839B2C55C71800B15B30 /* CustomMapView.swift */,
				3CD13FD32C545B9600B1E6B6 /* ContentViewModel .swift */,
				3CB7266F2C62D54500D764E7 /* View_data_show */,
				3C2C9BB82C582ED300EAD5CA /* auxiliary */,
				3C8BBC652C5E390200AE1097 /* Server_request */,
				3C9961FC2C73E369002F87CC /* Shake_Phono */,
			);
			path = Map;
			sourceTree = "<group>";
		};
		3C8BBC652C5E390200AE1097 /* Server_request */ = {
			isa = PBXGroup;
			children = (
				3C8BBC662C5E393500AE1097 /* GETkey.swift */,
				3CE35E6D2C6D250E00958B8C /* Get_participant_marker.swift */,
				3C8BBC682C5E510500AE1097 /* MarkerDATA.swift */,
				3C78D1282C623EA9001006A0 /* Post_Mark_requast.swift */,
				3CE35E6F2C6D256300958B8C /* Post_participant_marker.swift */,
			);
			path = Server_request;
			sourceTree = "<group>";
		};
		3C9961FC2C73E369002F87CC /* Shake_Phono */ = {
			isa = PBXGroup;
			children = (
				3C9961FF2C73F6DE002F87CC /* Get_Friends_just.swift */,
				3C9962012C73FDE9002F87CC /* ShakeAlertView.swift */,
			);
			path = Shake_Phono;
			sourceTree = "<group>";
		};
		3CB7266F2C62D54500D764E7 /* View_data_show */ = {
			isa = PBXGroup;
			children = (
				3C5BE5AE2C69197200C7031A /* findlocation.swift */,
				3C21839D2C55CAF000B15B30 /* AlertHelperView.swift */,
				3C326B5E2C58F88700F377A8 /* dataMarkView.swift */,
				3CBA70412C6E297F00B739E8 /* BottomSheetView.swift */,
			);
			path = View_data_show;
			sourceTree = "<group>";
		};
/* End PBXGroup section */

/* Begin PBXNativeTarget section */
		3C896A292C52878700C15A28 /* MeetMap_ios */ = {
			isa = PBXNativeTarget;
			buildConfigurationList = 3C896A382C52878700C15A28 /* Build configuration list for PBXNativeTarget "MeetMap_ios" */;
			buildPhases = (
				3C896A262C52878700C15A28 /* Sources */,
				3C896A272C52878700C15A28 /* Frameworks */,
				3C896A282C52878700C15A28 /* Resources */,
			);
			buildRules = (
			);
			dependencies = (
			);
			name = MeetMap_ios;
			packageProductDependencies = (
				3C896A3E2C52885900C15A28 /* FirebaseAuth */,
				3C896A412C52887200C15A28 /* GoogleSignIn */,
				3C896A432C52887200C15A28 /* GoogleSignInSwift */,
				3C896A462C52889C00C15A28 /* SDWebImageSwiftUI */,
			);
			productName = MeetMap_ios;
			productReference = 3C896A2A2C52878700C15A28 /* MeetMap_ios.app */;
			productType = "com.apple.product-type.application";
		};
/* End PBXNativeTarget section */

/* Begin PBXProject section */
		3C896A222C52878700C15A28 /* Project object */ = {
			isa = PBXProject;
			attributes = {
				BuildIndependentTargetsInParallel = NO;
				LastSwiftUpdateCheck = 1540;
				LastUpgradeCheck = 1540;
				TargetAttributes = {
					3C896A292C52878700C15A28 = {
						CreatedOnToolsVersion = 15.4;
					};
				};
			};
			buildConfigurationList = 3C896A252C52878700C15A28 /* Build configuration list for PBXProject "MeetMap_ios" */;
			compatibilityVersion = "Xcode 14.0";
			developmentRegion = en;
			hasScannedForEncodings = 0;
			knownRegions = (
				en,
				Base,
			);
			mainGroup = 3C896A212C52878700C15A28;
			packageReferences = (
				3C896A3D2C52885900C15A28 /* XCRemoteSwiftPackageReference "firebase-ios-sdk" */,
				3C896A402C52887200C15A28 /* XCRemoteSwiftPackageReference "GoogleSignIn-iOS" */,
				3C896A452C52889C00C15A28 /* XCRemoteSwiftPackageReference "SDWebImageSwiftUI" */,
			);
			productRefGroup = 3C896A2B2C52878700C15A28 /* Products */;
			projectDirPath = "";
			projectRoot = "";
			targets = (
				3C896A292C52878700C15A28 /* MeetMap_ios */,
			);
		};
/* End PBXProject section */

/* Begin PBXResourcesBuildPhase section */
		3C896A282C52878700C15A28 /* Resources */ = {
			isa = PBXResourcesBuildPhase;
			buildActionMask = 2147483647;
			files = (
				3C896A352C52878700C15A28 /* Preview Assets.xcassets in Resources */,
				3C896A322C52878700C15A28 /* Assets.xcassets in Resources */,
				3C896A3C2C52882E00C15A28 /* GoogleService-Info.plist in Resources */,
			);
			runOnlyForDeploymentPostprocessing = 0;
		};
/* End PBXResourcesBuildPhase section */

/* Begin PBXSourcesBuildPhase section */
		3C896A262C52878700C15A28 /* Sources */ = {
			isa = PBXSourcesBuildPhase;
			buildActionMask = 2147483647;
			files = (
				3C896A712C529D2000C15A28 /* appDellegate.swift in Sources */,
				3C9962002C73F6DE002F87CC /* Get_Friends_just.swift in Sources */,
				3C2C9BBA2C582EED00EAD5CA /* MarkerData.swift in Sources */,
				3C326B5F2C58F88700F377A8 /* dataMarkView.swift in Sources */,
				3C9962022C73FDE9002F87CC /* ShakeAlertView.swift in Sources */,
				3C896A732C529EE700C15A28 /* MeetMap_iosApp.swift in Sources */,
				3C896A6B2C5299C400C15A28 /* Home.swift in Sources */,
				3C21839C2C55C71800B15B30 /* CustomMapView.swift in Sources */,
				3C896A5F2C52950A00C15A28 /* GoogleSiginBtn.swift in Sources */,
				3C896A772C52C6E000C15A28 /* CustomButton.swift in Sources */,
				3CE35E702C6D256300958B8C /* Post_participant_marker.swift in Sources */,
				3C896A632C52950E00C15A28 /* FierAuth.swift in Sources */,
				3C21839E2C55CAF000B15B30 /* AlertHelperView.swift in Sources */,
				3C8BBC672C5E393500AE1097 /* GETkey.swift in Sources */,
				3CD13FD42C545B9600B1E6B6 /* ContentViewModel .swift in Sources */,
				3C8BBC692C5E510500AE1097 /* MarkerDATA.swift in Sources */,
				3C5BE5AF2C69197200C7031A /* findlocation.swift in Sources */,
				3C896A572C52950300C15A28 /* +View.swift in Sources */,
				3C2C9BBC2C58308500EAD5CA /* MarkerStore.swift in Sources */,
				3CBA70422C6E297F00B739E8 /* BottomSheetView.swift in Sources */,
				3C896A6F2C5299CC00C15A28 /* LoginScreen.swift in Sources */,
				3C896A612C52950C00C15A28 /* LoginHeader.swift in Sources */,
				3C896A7C2C52CA3A00C15A28 /* Map.swift in Sources */,
				3C896A752C52C6CC00C15A28 /* CustomTextfield.swift in Sources */,
				3CE35E6E2C6D250E00958B8C /* Get_participant_marker.swift in Sources */,
				3C78D1292C623EA9001006A0 /* Post_Mark_requast.swift in Sources */,
			);
			runOnlyForDeploymentPostprocessing = 0;
		};
/* End PBXSourcesBuildPhase section */

/* Begin XCBuildConfiguration section */
		3C896A362C52878700C15A28 /* Debug */ = {
			isa = XCBuildConfiguration;
			buildSettings = {
				ALWAYS_SEARCH_USER_PATHS = NO;
				ASSETCATALOG_COMPILER_GENERATE_SWIFT_ASSET_SYMBOL_EXTENSIONS = YES;
				CLANG_ANALYZER_NONNULL = YES;
				CLANG_ANALYZER_NUMBER_OBJECT_CONVERSION = YES_AGGRESSIVE;
				CLANG_CXX_LANGUAGE_STANDARD = "gnu++20";
				CLANG_ENABLE_MODULES = YES;
				CLANG_ENABLE_OBJC_ARC = YES;
				CLANG_ENABLE_OBJC_WEAK = YES;
				CLANG_WARN_BLOCK_CAPTURE_AUTORELEASING = YES;
				CLANG_WARN_BOOL_CONVERSION = YES;
				CLANG_WARN_COMMA = YES;
				CLANG_WARN_CONSTANT_CONVERSION = YES;
				CLANG_WARN_DEPRECATED_OBJC_IMPLEMENTATIONS = YES;
				CLANG_WARN_DIRECT_OBJC_ISA_USAGE = YES_ERROR;
				CLANG_WARN_DOCUMENTATION_COMMENTS = YES;
				CLANG_WARN_EMPTY_BODY = YES;
				CLANG_WARN_ENUM_CONVERSION = YES;
				CLANG_WARN_INFINITE_RECURSION = YES;
				CLANG_WARN_INT_CONVERSION = YES;
				CLANG_WARN_NON_LITERAL_NULL_CONVERSION = YES;
				CLANG_WARN_OBJC_IMPLICIT_RETAIN_SELF = YES;
				CLANG_WARN_OBJC_LITERAL_CONVERSION = YES;
				CLANG_WARN_OBJC_ROOT_CLASS = YES_ERROR;
				CLANG_WARN_QUOTED_INCLUDE_IN_FRAMEWORK_HEADER = YES;
				CLANG_WARN_RANGE_LOOP_ANALYSIS = YES;
				CLANG_WARN_STRICT_PROTOTYPES = YES;
				CLANG_WARN_SUSPICIOUS_MOVE = YES;
				CLANG_WARN_UNGUARDED_AVAILABILITY = YES_AGGRESSIVE;
				CLANG_WARN_UNREACHABLE_CODE = YES;
				CLANG_WARN__DUPLICATE_METHOD_MATCH = YES;
				COPY_PHASE_STRIP = NO;
				DEBUG_INFORMATION_FORMAT = dwarf;
				ENABLE_STRICT_OBJC_MSGSEND = YES;
				ENABLE_TESTABILITY = YES;
				ENABLE_USER_SCRIPT_SANDBOXING = YES;
				GCC_C_LANGUAGE_STANDARD = gnu17;
				GCC_DYNAMIC_NO_PIC = NO;
				GCC_NO_COMMON_BLOCKS = YES;
				GCC_OPTIMIZATION_LEVEL = 0;
				GCC_PREPROCESSOR_DEFINITIONS = (
					"DEBUG=1",
					"$(inherited)",
				);
				GCC_WARN_64_TO_32_BIT_CONVERSION = YES;
				GCC_WARN_ABOUT_RETURN_TYPE = YES_ERROR;
				GCC_WARN_UNDECLARED_SELECTOR = YES;
				GCC_WARN_UNINITIALIZED_AUTOS = YES_AGGRESSIVE;
				GCC_WARN_UNUSED_FUNCTION = YES;
				GCC_WARN_UNUSED_VARIABLE = YES;
				IPHONEOS_DEPLOYMENT_TARGET = 17.5;
				LOCALIZATION_PREFERS_STRING_CATALOGS = YES;
				MTL_ENABLE_DEBUG_INFO = INCLUDE_SOURCE;
				MTL_FAST_MATH = YES;
				ONLY_ACTIVE_ARCH = YES;
				SDKROOT = iphoneos;
				SWIFT_ACTIVE_COMPILATION_CONDITIONS = "DEBUG $(inherited)";
				SWIFT_OPTIMIZATION_LEVEL = "-Onone";
			};
			name = Debug;
		};
		3C896A372C52878700C15A28 /* Release */ = {
			isa = XCBuildConfiguration;
			buildSettings = {
				ALWAYS_SEARCH_USER_PATHS = NO;
				ASSETCATALOG_COMPILER_GENERATE_SWIFT_ASSET_SYMBOL_EXTENSIONS = YES;
				CLANG_ANALYZER_NONNULL = YES;
				CLANG_ANALYZER_NUMBER_OBJECT_CONVERSION = YES_AGGRESSIVE;
				CLANG_CXX_LANGUAGE_STANDARD = "gnu++20";
				CLANG_ENABLE_MODULES = YES;
				CLANG_ENABLE_OBJC_ARC = YES;
				CLANG_ENABLE_OBJC_WEAK = YES;
				CLANG_WARN_BLOCK_CAPTURE_AUTORELEASING = YES;
				CLANG_WARN_BOOL_CONVERSION = YES;
				CLANG_WARN_COMMA = YES;
				CLANG_WARN_CONSTANT_CONVERSION = YES;
				CLANG_WARN_DEPRECATED_OBJC_IMPLEMENTATIONS = YES;
				CLANG_WARN_DIRECT_OBJC_ISA_USAGE = YES_ERROR;
				CLANG_WARN_DOCUMENTATION_COMMENTS = YES;
				CLANG_WARN_EMPTY_BODY = YES;
				CLANG_WARN_ENUM_CONVERSION = YES;
				CLANG_WARN_INFINITE_RECURSION = YES;
				CLANG_WARN_INT_CONVERSION = YES;
				CLANG_WARN_NON_LITERAL_NULL_CONVERSION = YES;
				CLANG_WARN_OBJC_IMPLICIT_RETAIN_SELF = YES;
				CLANG_WARN_OBJC_LITERAL_CONVERSION = YES;
				CLANG_WARN_OBJC_ROOT_CLASS = YES_ERROR;
				CLANG_WARN_QUOTED_INCLUDE_IN_FRAMEWORK_HEADER = YES;
				CLANG_WARN_RANGE_LOOP_ANALYSIS = YES;
				CLANG_WARN_STRICT_PROTOTYPES = YES;
				CLANG_WARN_SUSPICIOUS_MOVE = YES;
				CLANG_WARN_UNGUARDED_AVAILABILITY = YES_AGGRESSIVE;
				CLANG_WARN_UNREACHABLE_CODE = YES;
				CLANG_WARN__DUPLICATE_METHOD_MATCH = YES;
				COPY_PHASE_STRIP = NO;
				DEBUG_INFORMATION_FORMAT = "dwarf-with-dsym";
				ENABLE_NS_ASSERTIONS = NO;
				ENABLE_STRICT_OBJC_MSGSEND = YES;
				ENABLE_USER_SCRIPT_SANDBOXING = YES;
				GCC_C_LANGUAGE_STANDARD = gnu17;
				GCC_NO_COMMON_BLOCKS = YES;
				GCC_WARN_64_TO_32_BIT_CONVERSION = YES;
				GCC_WARN_ABOUT_RETURN_TYPE = YES_ERROR;
				GCC_WARN_UNDECLARED_SELECTOR = YES;
				GCC_WARN_UNINITIALIZED_AUTOS = YES_AGGRESSIVE;
				GCC_WARN_UNUSED_FUNCTION = YES;
				GCC_WARN_UNUSED_VARIABLE = YES;
				"INFOPLIST_FILE[sdk=*]" = "";
				IPHONEOS_DEPLOYMENT_TARGET = 17.5;
				LOCALIZATION_PREFERS_STRING_CATALOGS = YES;
				MTL_ENABLE_DEBUG_INFO = NO;
				MTL_FAST_MATH = YES;
				SDKROOT = iphoneos;
				SWIFT_COMPILATION_MODE = wholemodule;
				VALIDATE_PRODUCT = YES;
			};
			name = Release;
		};
		3C896A392C52878700C15A28 /* Debug */ = {
			isa = XCBuildConfiguration;
			buildSettings = {
				ASSETCATALOG_COMPILER_APPICON_NAME = AppIcon;
				ASSETCATALOG_COMPILER_GLOBAL_ACCENT_COLOR_NAME = AccentColor;
				CODE_SIGN_STYLE = Automatic;
				CURRENT_PROJECT_VERSION = 1;
				DEVELOPMENT_ASSET_PATHS = "\"MeetMap_ios/Preview Content\"";
				DEVELOPMENT_TEAM = 5Z55H544KR;
				ENABLE_PREVIEWS = YES;
				GENERATE_INFOPLIST_FILE = YES;
				INFOPLIST_FILE = "MeetMap-ios-Info.plist";
				INFOPLIST_KEY_NSLocationAlwaysUsageDescription = "Ваше сообщение о запросе разрешения на доступ к местоположению.";
				INFOPLIST_KEY_NSLocationWhenInUseUsageDescription = "We need your location to show it on the map.";
				INFOPLIST_KEY_UIApplicationSceneManifest_Generation = YES;
				INFOPLIST_KEY_UIApplicationSupportsIndirectInputEvents = YES;
				INFOPLIST_KEY_UILaunchScreen_Generation = YES;
				INFOPLIST_KEY_UISupportedInterfaceOrientations_iPad = "UIInterfaceOrientationPortrait UIInterfaceOrientationPortraitUpsideDown UIInterfaceOrientationLandscapeLeft UIInterfaceOrientationLandscapeRight";
				INFOPLIST_KEY_UISupportedInterfaceOrientations_iPhone = "UIInterfaceOrientationPortrait UIInterfaceOrientationLandscapeLeft UIInterfaceOrientationLandscapeRight";
				IPHONEOS_DEPLOYMENT_TARGET = 14.4;
				LD_RUNPATH_SEARCH_PATHS = (
					"$(inherited)",
					"@executable_path/Frameworks",
				);
				MARKETING_VERSION = 1.0;
				PRODUCT_BUNDLE_IDENTIFIER = "com.IlyaProkofev.MeetMap-ios-next";
				PRODUCT_NAME = "$(TARGET_NAME)";
				SWIFT_EMIT_LOC_STRINGS = YES;
				SWIFT_VERSION = 5.0;
				TARGETED_DEVICE_FAMILY = "1,2";
			};
			name = Debug;
		};
		3C896A3A2C52878700C15A28 /* Release */ = {
			isa = XCBuildConfiguration;
			buildSettings = {
				ASSETCATALOG_COMPILER_APPICON_NAME = AppIcon;
				ASSETCATALOG_COMPILER_GLOBAL_ACCENT_COLOR_NAME = AccentColor;
				CODE_SIGN_STYLE = Automatic;
				CURRENT_PROJECT_VERSION = 1;
				DEVELOPMENT_ASSET_PATHS = "\"MeetMap_ios/Preview Content\"";
				DEVELOPMENT_TEAM = 5Z55H544KR;
				ENABLE_PREVIEWS = YES;
				GENERATE_INFOPLIST_FILE = YES;
				INFOPLIST_FILE = "MeetMap-ios-Info.plist";
				INFOPLIST_KEY_NSLocationAlwaysUsageDescription = "Ваше сообщение о запросе разрешения на доступ к местоположению.";
				INFOPLIST_KEY_NSLocationWhenInUseUsageDescription = "We need your location to show it on the map.";
				INFOPLIST_KEY_UIApplicationSceneManifest_Generation = YES;
				INFOPLIST_KEY_UIApplicationSupportsIndirectInputEvents = YES;
				INFOPLIST_KEY_UILaunchScreen_Generation = YES;
				INFOPLIST_KEY_UISupportedInterfaceOrientations_iPad = "UIInterfaceOrientationPortrait UIInterfaceOrientationPortraitUpsideDown UIInterfaceOrientationLandscapeLeft UIInterfaceOrientationLandscapeRight";
				INFOPLIST_KEY_UISupportedInterfaceOrientations_iPhone = "UIInterfaceOrientationPortrait UIInterfaceOrientationLandscapeLeft UIInterfaceOrientationLandscapeRight";
				IPHONEOS_DEPLOYMENT_TARGET = 14.4;
				LD_RUNPATH_SEARCH_PATHS = (
					"$(inherited)",
					"@executable_path/Frameworks",
				);
				MARKETING_VERSION = 1.0;
				PRODUCT_BUNDLE_IDENTIFIER = "com.IlyaProkofev.MeetMap-ios-next";
				PRODUCT_NAME = "$(TARGET_NAME)";
				SWIFT_EMIT_LOC_STRINGS = YES;
				SWIFT_VERSION = 5.0;
				TARGETED_DEVICE_FAMILY = "1,2";
			};
			name = Release;
		};
/* End XCBuildConfiguration section */

/* Begin XCConfigurationList section */
		3C896A252C52878700C15A28 /* Build configuration list for PBXProject "MeetMap_ios" */ = {
			isa = XCConfigurationList;
			buildConfigurations = (
				3C896A362C52878700C15A28 /* Debug */,
				3C896A372C52878700C15A28 /* Release */,
			);
			defaultConfigurationIsVisible = 0;
			defaultConfigurationName = Release;
		};
		3C896A382C52878700C15A28 /* Build configuration list for PBXNativeTarget "MeetMap_ios" */ = {
			isa = XCConfigurationList;
			buildConfigurations = (
				3C896A392C52878700C15A28 /* Debug */,
				3C896A3A2C52878700C15A28 /* Release */,
			);
			defaultConfigurationIsVisible = 0;
			defaultConfigurationName = Release;
		};
/* End XCConfigurationList section */

/* Begin XCRemoteSwiftPackageReference section */
		3C896A3D2C52885900C15A28 /* XCRemoteSwiftPackageReference "firebase-ios-sdk" */ = {
			isa = XCRemoteSwiftPackageReference;
			repositoryURL = "https://github.com/firebase/firebase-ios-sdk";
			requirement = {
				kind = upToNextMajorVersion;
				minimumVersion = 10.29.0;
			};
		};
		3C896A402C52887200C15A28 /* XCRemoteSwiftPackageReference "GoogleSignIn-iOS" */ = {
			isa = XCRemoteSwiftPackageReference;
			repositoryURL = "https://github.com/google/GoogleSignIn-iOS.git";
			requirement = {
				kind = upToNextMajorVersion;
				minimumVersion = 7.1.0;
			};
		};
		3C896A452C52889C00C15A28 /* XCRemoteSwiftPackageReference "SDWebImageSwiftUI" */ = {
			isa = XCRemoteSwiftPackageReference;
			repositoryURL = "https://github.com/SDWebImage/SDWebImageSwiftUI.git";
			requirement = {
				kind = upToNextMajorVersion;
				minimumVersion = 3.1.1;
			};
		};
/* End XCRemoteSwiftPackageReference section */

/* Begin XCSwiftPackageProductDependency section */
		3C896A3E2C52885900C15A28 /* FirebaseAuth */ = {
			isa = XCSwiftPackageProductDependency;
			package = 3C896A3D2C52885900C15A28 /* XCRemoteSwiftPackageReference "firebase-ios-sdk" */;
			productName = FirebaseAuth;
		};
		3C896A412C52887200C15A28 /* GoogleSignIn */ = {
			isa = XCSwiftPackageProductDependency;
			package = 3C896A402C52887200C15A28 /* XCRemoteSwiftPackageReference "GoogleSignIn-iOS" */;
			productName = GoogleSignIn;
		};
		3C896A432C52887200C15A28 /* GoogleSignInSwift */ = {
			isa = XCSwiftPackageProductDependency;
			package = 3C896A402C52887200C15A28 /* XCRemoteSwiftPackageReference "GoogleSignIn-iOS" */;
			productName = GoogleSignInSwift;
		};
		3C896A462C52889C00C15A28 /* SDWebImageSwiftUI */ = {
			isa = XCSwiftPackageProductDependency;
			package = 3C896A452C52889C00C15A28 /* XCRemoteSwiftPackageReference "SDWebImageSwiftUI" */;
			productName = SDWebImageSwiftUI;
		};
/* End XCSwiftPackageProductDependency section */
	};
	rootObject = 3C896A222C52878700C15A28 /* Project object */;
}
